
Microsoft Visual Studio Solution File, Format Version 12.00
# Visual Studio Version 17
VisualStudioVersion = 17.13.35931.197
MinimumVisualStudioVersion = 10.0.40219.1
Project("{FAE04EC0-301F-11D3-BF4B-00C04F79EFBC}") = "FCG.Domain", "FCG.Domain\FCG.Domain.csproj", "{17343409-AC48-2319-B973-D5060E2C7378}"
EndProject
Project("{FAE04EC0-301F-11D3-BF4B-00C04F79EFBC}") = "FCG.Tests.Domain", "FCG.Tests.Domain\FCG.Tests.Domain.csproj", "{EBEA87F0-53F8-0BCF-57FA-86A5A28D0950}"
EndProject
Project("{2150E333-8FDC-42A3-9474-1A3956D46DE8}") = "1 - API", "1 - API", "{02EA681E-C7D8-13C7-8484-4AC65E1B71E8}"
EndProject
Project("{2150E333-8FDC-42A3-9474-1A3956D46DE8}") = "2 - Application", "2 - Application", "{7C06296C-6ABA-4622-B1A0-03FFB864AE54}"
EndProject
Project("{2150E333-8FDC-42A3-9474-1A3956D46DE8}") = "3 - Domain", "3 - Domain", "{2D20AB5F-0FCD-4BFE-85E3-1AB3DB08A1CE}"
EndProject
Project("{2150E333-8FDC-42A3-9474-1A3956D46DE8}") = "4 - Infrastructure", "4 - Infrastructure", "{86794A9C-6091-4849-91C5-423EC3FC6860}"
EndProject
Project("{2150E333-8FDC-42A3-9474-1A3956D46DE8}") = "5 - Tests", "5 - Tests", "{83B8CB23-372C-4C62-A99E-D3FAC0ED9812}"
EndProject
Project("{2150E333-8FDC-42A3-9474-1A3956D46DE8}") = "Solution Items", "Solution Items", "{8EC462FD-D22E-90A8-E5CE-7E832BA40C5D}"
	ProjectSection(SolutionItems) = preProject
		docker-compose.yml = docker-compose.yml
		README.md = README.md
		FCG.API\Documentation\TC NETT - Fase 1.pdf = FCG.API\Documentation\TC NETT - Fase 1.pdf
	EndProjectSection
EndProject
Project("{FAE04EC0-301F-11D3-BF4B-00C04F79EFBC}") = "FCG.Infra.Data", "FCG.Infra.Data\FCG.Infra.Data.csproj", "{38D5997E-102B-4568-A4C3-B3C5C10017D0}"
EndProject
Project("{FAE04EC0-301F-11D3-BF4B-00C04F79EFBC}") = "FCG.Application", "FCG.Application\FCG.Application.csproj", "{75364450-B704-44AB-ADA1-66922E60AAE9}"
EndProject
Project("{FAE04EC0-301F-11D3-BF4B-00C04F79EFBC}") = "FCG.Tests.Infra", "FCG.Tests.Infra\FCG.Tests.Infra.csproj", "{EA7FE564-B3F5-7BA9-7902-913858762C93}"
EndProject
Project("{FAE04EC0-301F-11D3-BF4B-00C04F79EFBC}") = "FCG.API", "FCG.API\FCG.API.csproj", "{996B967E-7924-7B2C-0929-D103E63BD918}"
EndProject
Global
	GlobalSection(SolutionConfigurationPlatforms) = preSolution
		Debug|Any CPU = Debug|Any CPU
		Release|Any CPU = Release|Any CPU
	EndGlobalSection
	GlobalSection(ProjectConfigurationPlatforms) = postSolution
		{17343409-AC48-2319-B973-D5060E2C7378}.Debug|Any CPU.ActiveCfg = Debug|Any CPU
		{17343409-AC48-2319-B973-D5060E2C7378}.Debug|Any CPU.Build.0 = Debug|Any CPU
		{17343409-AC48-2319-B973-D5060E2C7378}.Release|Any CPU.ActiveCfg = Release|Any CPU
		{17343409-AC48-2319-B973-D5060E2C7378}.Release|Any CPU.Build.0 = Release|Any CPU
		{EBEA87F0-53F8-0BCF-57FA-86A5A28D0950}.Debug|Any CPU.ActiveCfg = Debug|Any CPU
		{EBEA87F0-53F8-0BCF-57FA-86A5A28D0950}.Debug|Any CPU.Build.0 = Debug|Any CPU
		{EBEA87F0-53F8-0BCF-57FA-86A5A28D0950}.Release|Any CPU.ActiveCfg = Release|Any CPU
		{EBEA87F0-53F8-0BCF-57FA-86A5A28D0950}.Release|Any CPU.Build.0 = Release|Any CPU
		{38D5997E-102B-4568-A4C3-B3C5C10017D0}.Debug|Any CPU.ActiveCfg = Debug|Any CPU
		{38D5997E-102B-4568-A4C3-B3C5C10017D0}.Debug|Any CPU.Build.0 = Debug|Any CPU
		{38D5997E-102B-4568-A4C3-B3C5C10017D0}.Release|Any CPU.ActiveCfg = Release|Any CPU
		{38D5997E-102B-4568-A4C3-B3C5C10017D0}.Release|Any CPU.Build.0 = Release|Any CPU
		{75364450-B704-44AB-ADA1-66922E60AAE9}.Debug|Any CPU.ActiveCfg = Debug|Any CPU
		{75364450-B704-44AB-ADA1-66922E60AAE9}.Debug|Any CPU.Build.0 = Debug|Any CPU
		{75364450-B704-44AB-ADA1-66922E60AAE9}.Release|Any CPU.ActiveCfg = Release|Any CPU
		{75364450-B704-44AB-ADA1-66922E60AAE9}.Release|Any CPU.Build.0 = Release|Any CPU
		{EA7FE564-B3F5-7BA9-7902-913858762C93}.Debug|Any CPU.ActiveCfg = Debug|Any CPU
		{EA7FE564-B3F5-7BA9-7902-913858762C93}.Debug|Any CPU.Build.0 = Debug|Any CPU
		{EA7FE564-B3F5-7BA9-7902-913858762C93}.Release|Any CPU.ActiveCfg = Release|Any CPU
		{EA7FE564-B3F5-7BA9-7902-913858762C93}.Release|Any CPU.Build.0 = Release|Any CPU
		{996B967E-7924-7B2C-0929-D103E63BD918}.Debug|Any CPU.ActiveCfg = Debug|Any CPU
		{996B967E-7924-7B2C-0929-D103E63BD918}.Debug|Any CPU.Build.0 = Debug|Any CPU
		{996B967E-7924-7B2C-0929-D103E63BD918}.Release|Any CPU.ActiveCfg = Release|Any CPU
		{996B967E-7924-7B2C-0929-D103E63BD918}.Release|Any CPU.Build.0 = Release|Any CPU
	EndGlobalSection
	GlobalSection(SolutionProperties) = preSolution
		HideSolutionNode = FALSE
	EndGlobalSection
	GlobalSection(NestedProjects) = preSolution
		{17343409-AC48-2319-B973-D5060E2C7378} = {2D20AB5F-0FCD-4BFE-85E3-1AB3DB08A1CE}
		{EBEA87F0-53F8-0BCF-57FA-86A5A28D0950} = {83B8CB23-372C-4C62-A99E-D3FAC0ED9812}
		{38D5997E-102B-4568-A4C3-B3C5C10017D0} = {86794A9C-6091-4849-91C5-423EC3FC6860}
		{75364450-B704-44AB-ADA1-66922E60AAE9} = {7C06296C-6ABA-4622-B1A0-03FFB864AE54}
		{EA7FE564-B3F5-7BA9-7902-913858762C93} = {83B8CB23-372C-4C62-A99E-D3FAC0ED9812}
		{996B967E-7924-7B2C-0929-D103E63BD918} = {02EA681E-C7D8-13C7-8484-4AC65E1B71E8}
	EndGlobalSection
	GlobalSection(ExtensibilityGlobals) = postSolution
		SolutionGuid = {A3A37F26-A667-483D-ABCD-ED95122A1F11}
	EndGlobalSection
EndGlobal
